
Microsoft Visual Studio Solution File, Format Version 12.00
# Visual Studio 15
VisualStudioVersion = 15.0.27004.2002
MinimumVisualStudioVersion = 10.0.40219.1
Project("{FAE04EC0-301F-11D3-BF4B-00C04F79EFBC}") = "Opdracht7", "Opdracht7\Opdracht7.csproj", "{54B8D35B-EAC7-4948-81DF-5C7BCD402E1F}"
EndProject
Project("{FAE04EC0-301F-11D3-BF4B-00C04F79EFBC}") = "AnimalsLib", "AnimalsLib\AnimalsLib.csproj", "{864F470B-0CF2-46B0-A8AB-5F5080ACA09A}"
EndProject
Global
	GlobalSection(SolutionConfigurationPlatforms) = preSolution
		Debug|Any CPU = Debug|Any CPU
		Release|Any CPU = Release|Any CPU
	EndGlobalSection
	GlobalSection(ProjectConfigurationPlatforms) = postSolution
		{54B8D35B-EAC7-4948-81DF-5C7BCD402E1F}.Debug|Any CPU.ActiveCfg = Debug|Any CPU
		{54B8D35B-EAC7-4948-81DF-5C7BCD402E1F}.Debug|Any CPU.Build.0 = Debug|Any CPU
		{54B8D35B-EAC7-4948-81DF-5C7BCD402E1F}.Release|Any CPU.ActiveCfg = Release|Any CPU
		{54B8D35B-EAC7-4948-81DF-5C7BCD402E1F}.Release|Any CPU.Build.0 = Release|Any CPU
		{864F470B-0CF2-46B0-A8AB-5F5080ACA09A}.Debug|Any CPU.ActiveCfg = Debug|Any CPU
		{864F470B-0CF2-46B0-A8AB-5F5080ACA09A}.Debug|Any CPU.Build.0 = Debug|Any CPU
		{864F470B-0CF2-46B0-A8AB-5F5080ACA09A}.Release|Any CPU.ActiveCfg = Release|Any CPU
		{864F470B-0CF2-46B0-A8AB-5F5080ACA09A}.Release|Any CPU.Build.0 = Release|Any CPU
	EndGlobalSection
	GlobalSection(SolutionProperties) = preSolution
		HideSolutionNode = FALSE
	EndGlobalSection
	GlobalSection(ExtensibilityGlobals) = postSolution
		SolutionGuid = {76BB52B0-EC5F-4BE3-A258-1D47600EEB11}
	EndGlobalSection
EndGlobal
